// !$*UTF8*$!
{
	archiveVersion = 1;
	classes = {
	};
	objectVersion = 51;
	objects = {

/* Begin PBXBuildFile section */
		930FADEB2612813800A0E3DC /* CustomToolbar.swift in Sources */ = {isa = PBXBuildFile; fileRef = 930FADEA2612813800A0E3DC /* CustomToolbar.swift */; };
		930FADEE2612815F00A0E3DC /* CustomTextField.swift in Sources */ = {isa = PBXBuildFile; fileRef = 930FADED2612815F00A0E3DC /* CustomTextField.swift */; };
		930FADFB2612847000A0E3DC /* BaseViewController.swift in Sources */ = {isa = PBXBuildFile; fileRef = 930FADFA2612847000A0E3DC /* BaseViewController.swift */; };
		934F8FC6260FC90F0054FD0A /* CustomPicker.swift in Sources */ = {isa = PBXBuildFile; fileRef = 934F8FC5260FC90F0054FD0A /* CustomPicker.swift */; };
		934F8FC9260FCDF20054FD0A /* CalculationVM.swift in Sources */ = {isa = PBXBuildFile; fileRef = 934F8FC8260FCDF20054FD0A /* CalculationVM.swift */; };
		938C5836260F90EE005DB34A /* AppDelegate.swift in Sources */ = {isa = PBXBuildFile; fileRef = 938C5835260F90EE005DB34A /* AppDelegate.swift */; };
		938C5838260F90EE005DB34A /* SceneDelegate.swift in Sources */ = {isa = PBXBuildFile; fileRef = 938C5837260F90EE005DB34A /* SceneDelegate.swift */; };
		938C583D260F90EE005DB34A /* Main.storyboard in Resources */ = {isa = PBXBuildFile; fileRef = 938C583B260F90EE005DB34A /* Main.storyboard */; };
		938C583F260F90F1005DB34A /* Assets.xcassets in Resources */ = {isa = PBXBuildFile; fileRef = 938C583E260F90F1005DB34A /* Assets.xcassets */; };
		938C5842260F90F1005DB34A /* LaunchScreen.storyboard in Resources */ = {isa = PBXBuildFile; fileRef = 938C5840260F90F1005DB34A /* LaunchScreen.storyboard */; };
		93AA1D89260F9AC400B18BAD /* ViewExtensions.swift in Sources */ = {isa = PBXBuildFile; fileRef = 93AA1D88260F9AC400B18BAD /* ViewExtensions.swift */; };
		93AA1D8C260F9CC600B18BAD /* InfoVC.swift in Sources */ = {isa = PBXBuildFile; fileRef = 93AA1D8B260F9CC600B18BAD /* InfoVC.swift */; };
		93AA1D8F260FA04500B18BAD /* AppTexts.swift in Sources */ = {isa = PBXBuildFile; fileRef = 93AA1D8E260FA04500B18BAD /* AppTexts.swift */; };
		93AA1D92260FA6EB00B18BAD /* CalculationVC.swift in Sources */ = {isa = PBXBuildFile; fileRef = 93AA1D91260FA6EB00B18BAD /* CalculationVC.swift */; };
		93B0F0122616484C00C8710C /* AlamofireDataStore.swift in Sources */ = {isa = PBXBuildFile; fileRef = 93B0F0112616484C00C8710C /* AlamofireDataStore.swift */; };
		93B0F0152616499B00C8710C /* Endpoints.swift in Sources */ = {isa = PBXBuildFile; fileRef = 93B0F0142616499B00C8710C /* Endpoints.swift */; };
		93D054B426131BA600295F51 /* ViewExtension.swift in Sources */ = {isa = PBXBuildFile; fileRef = 93D054B326131BA600295F51 /* ViewExtension.swift */; };
		C2F25030522F9F2EDDDF5EFB /* Pods_Currency_Converter.framework in Frameworks */ = {isa = PBXBuildFile; fileRef = 53A3D56D7A071CE3B7438149 /* Pods_Currency_Converter.framework */; };
/* End PBXBuildFile section */

/* Begin PBXFileReference section */
		065EB03B9936575B132E5FE8 /* Pods-Currency Converter.release.xcconfig */ = {isa = PBXFileReference; includeInIndex = 1; lastKnownFileType = text.xcconfig; name = "Pods-Currency Converter.release.xcconfig"; path = "Target Support Files/Pods-Currency Converter/Pods-Currency Converter.release.xcconfig"; sourceTree = "<group>"; };
		2295491427E70A37A98CA90C /* Pods-Currency Converter.debug.xcconfig */ = {isa = PBXFileReference; includeInIndex = 1; lastKnownFileType = text.xcconfig; name = "Pods-Currency Converter.debug.xcconfig"; path = "Target Support Files/Pods-Currency Converter/Pods-Currency Converter.debug.xcconfig"; sourceTree = "<group>"; };
		53A3D56D7A071CE3B7438149 /* Pods_Currency_Converter.framework */ = {isa = PBXFileReference; explicitFileType = wrapper.framework; includeInIndex = 0; path = Pods_Currency_Converter.framework; sourceTree = BUILT_PRODUCTS_DIR; };
		930FADEA2612813800A0E3DC /* CustomToolbar.swift */ = {isa = PBXFileReference; lastKnownFileType = sourcecode.swift; path = CustomToolbar.swift; sourceTree = "<group>"; };
		930FADED2612815F00A0E3DC /* CustomTextField.swift */ = {isa = PBXFileReference; lastKnownFileType = sourcecode.swift; path = CustomTextField.swift; sourceTree = "<group>"; };
		930FADFA2612847000A0E3DC /* BaseViewController.swift */ = {isa = PBXFileReference; lastKnownFileType = sourcecode.swift; path = BaseViewController.swift; sourceTree = "<group>"; };
		934F8FC5260FC90F0054FD0A /* CustomPicker.swift */ = {isa = PBXFileReference; lastKnownFileType = sourcecode.swift; path = CustomPicker.swift; sourceTree = "<group>"; };
		934F8FC8260FCDF20054FD0A /* CalculationVM.swift */ = {isa = PBXFileReference; lastKnownFileType = sourcecode.swift; path = CalculationVM.swift; sourceTree = "<group>"; };
		938C5832260F90EE005DB34A /* Debug Currency Converter.app */ = {isa = PBXFileReference; explicitFileType = wrapper.application; includeInIndex = 0; path = "Debug Currency Converter.app"; sourceTree = BUILT_PRODUCTS_DIR; };
		938C5835260F90EE005DB34A /* AppDelegate.swift */ = {isa = PBXFileReference; lastKnownFileType = sourcecode.swift; path = AppDelegate.swift; sourceTree = "<group>"; };
		938C5837260F90EE005DB34A /* SceneDelegate.swift */ = {isa = PBXFileReference; lastKnownFileType = sourcecode.swift; path = SceneDelegate.swift; sourceTree = "<group>"; };
		938C583C260F90EE005DB34A /* Base */ = {isa = PBXFileReference; lastKnownFileType = file.storyboard; name = Base; path = Base.lproj/Main.storyboard; sourceTree = "<group>"; };
		938C583E260F90F1005DB34A /* Assets.xcassets */ = {isa = PBXFileReference; lastKnownFileType = folder.assetcatalog; path = Assets.xcassets; sourceTree = "<group>"; };
		938C5841260F90F1005DB34A /* Base */ = {isa = PBXFileReference; lastKnownFileType = file.storyboard; name = Base; path = Base.lproj/LaunchScreen.storyboard; sourceTree = "<group>"; };
		938C5843260F90F1005DB34A /* Info.plist */ = {isa = PBXFileReference; lastKnownFileType = text.plist.xml; path = Info.plist; sourceTree = "<group>"; };
		93AA1D88260F9AC400B18BAD /* ViewExtensions.swift */ = {isa = PBXFileReference; lastKnownFileType = sourcecode.swift; path = ViewExtensions.swift; sourceTree = "<group>"; };
		93AA1D8B260F9CC600B18BAD /* InfoVC.swift */ = {isa = PBXFileReference; lastKnownFileType = sourcecode.swift; path = InfoVC.swift; sourceTree = "<group>"; };
		93AA1D8E260FA04500B18BAD /* AppTexts.swift */ = {isa = PBXFileReference; lastKnownFileType = sourcecode.swift; path = AppTexts.swift; sourceTree = "<group>"; };
		93AA1D91260FA6EB00B18BAD /* CalculationVC.swift */ = {isa = PBXFileReference; lastKnownFileType = sourcecode.swift; path = CalculationVC.swift; sourceTree = "<group>"; };
		93B0F0112616484C00C8710C /* AlamofireDataStore.swift */ = {isa = PBXFileReference; lastKnownFileType = sourcecode.swift; path = AlamofireDataStore.swift; sourceTree = "<group>"; };
		93B0F0142616499B00C8710C /* Endpoints.swift */ = {isa = PBXFileReference; lastKnownFileType = sourcecode.swift; path = Endpoints.swift; sourceTree = "<group>"; };
		93D054B326131BA600295F51 /* ViewExtension.swift */ = {isa = PBXFileReference; lastKnownFileType = sourcecode.swift; path = ViewExtension.swift; sourceTree = "<group>"; };
/* End PBXFileReference section */

/* Begin PBXFrameworksBuildPhase section */
		938C582F260F90EE005DB34A /* Frameworks */ = {
			isa = PBXFrameworksBuildPhase;
			buildActionMask = 2147483647;
			files = (
				C2F25030522F9F2EDDDF5EFB /* Pods_Currency_Converter.framework in Frameworks */,
			);
			runOnlyForDeploymentPostprocessing = 0;
		};
/* End PBXFrameworksBuildPhase section */

/* Begin PBXGroup section */
		2FD6CD90426966090D9073BA /* Frameworks */ = {
			isa = PBXGroup;
			children = (
				53A3D56D7A071CE3B7438149 /* Pods_Currency_Converter.framework */,
			);
			name = Frameworks;
			sourceTree = "<group>";
		};
		930FADE92612811400A0E3DC /* CustomViews */ = {
			isa = PBXGroup;
			children = (
				930FADFA2612847000A0E3DC /* BaseViewController.swift */,
				934F8FC5260FC90F0054FD0A /* CustomPicker.swift */,
				930FADED2612815F00A0E3DC /* CustomTextField.swift */,
				930FADEA2612813800A0E3DC /* CustomToolbar.swift */,
				93D054B326131BA600295F51 /* ViewExtension.swift */,
			);
			path = CustomViews;
			sourceTree = "<group>";
		};
		938C5829260F90EE005DB34A = {
			isa = PBXGroup;
			children = (
				938C5834260F90EE005DB34A /* Currency Converter */,
				938C5833260F90EE005DB34A /* Products */,
				BAF9706C8C05AA6F22139F84 /* Pods */,
				2FD6CD90426966090D9073BA /* Frameworks */,
			);
			sourceTree = "<group>";
		};
		938C5833260F90EE005DB34A /* Products */ = {
			isa = PBXGroup;
			children = (
				938C5832260F90EE005DB34A /* Debug Currency Converter.app */,
			);
			name = Products;
			sourceTree = "<group>";
		};
		938C5834260F90EE005DB34A /* Currency Converter */ = {
			isa = PBXGroup;
			children = (
				93AA1D83260F99EE00B18BAD /* App */,
				93AA1D80260F99C600B18BAD /* Modules */,
				93AA1D7F260F99B400B18BAD /* Storyboards */,
			);
			path = "Currency Converter";
			sourceTree = "<group>";
		};
		93AA1D7F260F99B400B18BAD /* Storyboards */ = {
			isa = PBXGroup;
			children = (
				938C583B260F90EE005DB34A /* Main.storyboard */,
				938C5840260F90F1005DB34A /* LaunchScreen.storyboard */,
			);
			path = Storyboards;
			sourceTree = "<group>";
		};
		93AA1D80260F99C600B18BAD /* Modules */ = {
			isa = PBXGroup;
			children = (
				93AA1D86260F9A9500B18BAD /* DataStores */,
				93AA1D81260F99D200B18BAD /* Calculation */,
				930FADE92612811400A0E3DC /* CustomViews */,
				93AA1D87260F9AA300B18BAD /* Helpers */,
				93AA1D82260F99DE00B18BAD /* Info */,
			);
			path = Modules;
			sourceTree = "<group>";
		};
		93AA1D81260F99D200B18BAD /* Calculation */ = {
			isa = PBXGroup;
			children = (
				93AA1D91260FA6EB00B18BAD /* CalculationVC.swift */,
				934F8FC8260FCDF20054FD0A /* CalculationVM.swift */,
			);
			path = Calculation;
			sourceTree = "<group>";
		};
		93AA1D82260F99DE00B18BAD /* Info */ = {
			isa = PBXGroup;
			children = (
				93AA1D8B260F9CC600B18BAD /* InfoVC.swift */,
			);
			path = Info;
			sourceTree = "<group>";
		};
		93AA1D83260F99EE00B18BAD /* App */ = {
			isa = PBXGroup;
			children = (
				938C5835260F90EE005DB34A /* AppDelegate.swift */,
				938C5837260F90EE005DB34A /* SceneDelegate.swift */,
				938C583E260F90F1005DB34A /* Assets.xcassets */,
				938C5843260F90F1005DB34A /* Info.plist */,
			);
			path = App;
			sourceTree = "<group>";
		};
		93AA1D86260F9A9500B18BAD /* DataStores */ = {
			isa = PBXGroup;
			children = (
				93B0F0112616484C00C8710C /* AlamofireDataStore.swift */,
				93B0F0142616499B00C8710C /* Endpoints.swift */,
			);
			path = DataStores;
			sourceTree = "<group>";
		};
		93AA1D87260F9AA300B18BAD /* Helpers */ = {
			isa = PBXGroup;
			children = (
				93AA1D88260F9AC400B18BAD /* ViewExtensions.swift */,
				93AA1D8E260FA04500B18BAD /* AppTexts.swift */,
			);
			path = Helpers;
			sourceTree = "<group>";
		};
		BAF9706C8C05AA6F22139F84 /* Pods */ = {
			isa = PBXGroup;
			children = (
				2295491427E70A37A98CA90C /* Pods-Currency Converter.debug.xcconfig */,
				065EB03B9936575B132E5FE8 /* Pods-Currency Converter.release.xcconfig */,
			);
			path = Pods;
			sourceTree = "<group>";
		};
/* End PBXGroup section */

/* Begin PBXNativeTarget section */
		938C5831260F90EE005DB34A /* Currency Converter */ = {
			isa = PBXNativeTarget;
			buildConfigurationList = 938C5846260F90F1005DB34A /* Build configuration list for PBXNativeTarget "Currency Converter" */;
			buildPhases = (
				C2437F763A97F2091B835643 /* [CP] Check Pods Manifest.lock */,
				938C582E260F90EE005DB34A /* Sources */,
				938C582F260F90EE005DB34A /* Frameworks */,
				938C5830260F90EE005DB34A /* Resources */,
				83B5C1D255FA12B5DF94264D /* [CP] Embed Pods Frameworks */,
				93CA74E6260FB3C8004A1574 /* SwiftLint */,
			);
			buildRules = (
			);
			dependencies = (
			);
			name = "Currency Converter";
			productName = "Currency Converter";
			productReference = 938C5832260F90EE005DB34A /* Debug Currency Converter.app */;
			productType = "com.apple.product-type.application";
		};
/* End PBXNativeTarget section */

/* Begin PBXProject section */
		938C582A260F90EE005DB34A /* Project object */ = {
			isa = PBXProject;
			attributes = {
				LastSwiftUpdateCheck = 1210;
				LastUpgradeCheck = 1210;
				TargetAttributes = {
					938C5831260F90EE005DB34A = {
						CreatedOnToolsVersion = 12.1;
					};
				};
			};
			buildConfigurationList = 938C582D260F90EE005DB34A /* Build configuration list for PBXProject "Currency Converter" */;
			compatibilityVersion = "Xcode 9.3";
			developmentRegion = en;
			hasScannedForEncodings = 0;
			knownRegions = (
				en,
				Base,
			);
			mainGroup = 938C5829260F90EE005DB34A;
			productRefGroup = 938C5833260F90EE005DB34A /* Products */;
			projectDirPath = "";
			projectRoot = "";
			targets = (
				938C5831260F90EE005DB34A /* Currency Converter */,
			);
		};
/* End PBXProject section */

/* Begin PBXResourcesBuildPhase section */
		938C5830260F90EE005DB34A /* Resources */ = {
			isa = PBXResourcesBuildPhase;
			buildActionMask = 2147483647;
			files = (
				938C5842260F90F1005DB34A /* LaunchScreen.storyboard in Resources */,
				938C583F260F90F1005DB34A /* Assets.xcassets in Resources */,
				938C583D260F90EE005DB34A /* Main.storyboard in Resources */,
			);
			runOnlyForDeploymentPostprocessing = 0;
		};
/* End PBXResourcesBuildPhase section */

/* Begin PBXShellScriptBuildPhase section */
		83B5C1D255FA12B5DF94264D /* [CP] Embed Pods Frameworks */ = {
			isa = PBXShellScriptBuildPhase;
			buildActionMask = 2147483647;
			files = (
			);
			inputFileListPaths = (
				"${PODS_ROOT}/Target Support Files/Pods-Currency Converter/Pods-Currency Converter-frameworks-${CONFIGURATION}-input-files.xcfilelist",
			);
			name = "[CP] Embed Pods Frameworks";
			outputFileListPaths = (
				"${PODS_ROOT}/Target Support Files/Pods-Currency Converter/Pods-Currency Converter-frameworks-${CONFIGURATION}-output-files.xcfilelist",
			);
			runOnlyForDeploymentPostprocessing = 0;
			shellPath = /bin/sh;
			shellScript = "\"${PODS_ROOT}/Target Support Files/Pods-Currency Converter/Pods-Currency Converter-frameworks.sh\"\n";
			showEnvVarsInLog = 0;
		};
		93CA74E6260FB3C8004A1574 /* SwiftLint */ = {
			isa = PBXShellScriptBuildPhase;
			buildActionMask = 2147483647;
			files = (
			);
			inputFileListPaths = (
			);
			inputPaths = (
			);
			name = SwiftLint;
			outputFileListPaths = (
			);
			outputPaths = (
			);
			runOnlyForDeploymentPostprocessing = 0;
			shellPath = /bin/sh;
			shellScript = "\"${PODS_ROOT}/SwiftLint/swiftlint\"\n";
		};
		C2437F763A97F2091B835643 /* [CP] Check Pods Manifest.lock */ = {
			isa = PBXShellScriptBuildPhase;
			buildActionMask = 2147483647;
			files = (
			);
			inputFileListPaths = (
			);
			inputPaths = (
				"${PODS_PODFILE_DIR_PATH}/Podfile.lock",
				"${PODS_ROOT}/Manifest.lock",
			);
			name = "[CP] Check Pods Manifest.lock";
			outputFileListPaths = (
			);
			outputPaths = (
				"$(DERIVED_FILE_DIR)/Pods-Currency Converter-checkManifestLockResult.txt",
			);
			runOnlyForDeploymentPostprocessing = 0;
			shellPath = /bin/sh;
			shellScript = "diff \"${PODS_PODFILE_DIR_PATH}/Podfile.lock\" \"${PODS_ROOT}/Manifest.lock\" > /dev/null\nif [ $? != 0 ] ; then\n    # print error to STDERR\n    echo \"error: The sandbox is not in sync with the Podfile.lock. Run 'pod install' or update your CocoaPods installation.\" >&2\n    exit 1\nfi\n# This output is used by Xcode 'outputs' to avoid re-running this script phase.\necho \"SUCCESS\" > \"${SCRIPT_OUTPUT_FILE_0}\"\n";
			showEnvVarsInLog = 0;
		};
/* End PBXShellScriptBuildPhase section */

/* Begin PBXSourcesBuildPhase section */
		938C582E260F90EE005DB34A /* Sources */ = {
			isa = PBXSourcesBuildPhase;
			buildActionMask = 2147483647;
			files = (
				934F8FC9260FCDF20054FD0A /* CalculationVM.swift in Sources */,
				930FADEB2612813800A0E3DC /* CustomToolbar.swift in Sources */,
				93B0F0122616484C00C8710C /* AlamofireDataStore.swift in Sources */,
				93AA1D8F260FA04500B18BAD /* AppTexts.swift in Sources */,
				934F8FC6260FC90F0054FD0A /* CustomPicker.swift in Sources */,
				930FADFB2612847000A0E3DC /* BaseViewController.swift in Sources */,
				930FADEE2612815F00A0E3DC /* CustomTextField.swift in Sources */,
				93AA1D8C260F9CC600B18BAD /* InfoVC.swift in Sources */,
				93AA1D92260FA6EB00B18BAD /* CalculationVC.swift in Sources */,
				938C5836260F90EE005DB34A /* AppDelegate.swift in Sources */,
				93B0F0152616499B00C8710C /* Endpoints.swift in Sources */,
				93AA1D89260F9AC400B18BAD /* ViewExtensions.swift in Sources */,
				938C5838260F90EE005DB34A /* SceneDelegate.swift in Sources */,
				93D054B426131BA600295F51 /* ViewExtension.swift in Sources */,
			);
			runOnlyForDeploymentPostprocessing = 0;
		};
/* End PBXSourcesBuildPhase section */

/* Begin PBXVariantGroup section */
		938C583B260F90EE005DB34A /* Main.storyboard */ = {
			isa = PBXVariantGroup;
			children = (
				938C583C260F90EE005DB34A /* Base */,
			);
			name = Main.storyboard;
			sourceTree = "<group>";
		};
		938C5840260F90F1005DB34A /* LaunchScreen.storyboard */ = {
			isa = PBXVariantGroup;
			children = (
				938C5841260F90F1005DB34A /* Base */,
			);
			name = LaunchScreen.storyboard;
			sourceTree = "<group>";
		};
/* End PBXVariantGroup section */

/* Begin XCBuildConfiguration section */
		938C5844260F90F1005DB34A /* Debug */ = {
			isa = XCBuildConfiguration;
			buildSettings = {
				ALWAYS_SEARCH_USER_PATHS = NO;
				CLANG_ANALYZER_NONNULL = YES;
				CLANG_ANALYZER_NUMBER_OBJECT_CONVERSION = YES_AGGRESSIVE;
				CLANG_CXX_LANGUAGE_STANDARD = "gnu++14";
				CLANG_CXX_LIBRARY = "libc++";
				CLANG_ENABLE_MODULES = YES;
				CLANG_ENABLE_OBJC_ARC = YES;
				CLANG_ENABLE_OBJC_WEAK = YES;
				CLANG_WARN_BLOCK_CAPTURE_AUTORELEASING = YES;
				CLANG_WARN_BOOL_CONVERSION = YES;
				CLANG_WARN_COMMA = YES;
				CLANG_WARN_CONSTANT_CONVERSION = YES;
				CLANG_WARN_DEPRECATED_OBJC_IMPLEMENTATIONS = YES;
				CLANG_WARN_DIRECT_OBJC_ISA_USAGE = YES_ERROR;
				CLANG_WARN_DOCUMENTATION_COMMENTS = YES;
				CLANG_WARN_EMPTY_BODY = YES;
				CLANG_WARN_ENUM_CONVERSION = YES;
				CLANG_WARN_INFINITE_RECURSION = YES;
				CLANG_WARN_INT_CONVERSION = YES;
				CLANG_WARN_NON_LITERAL_NULL_CONVERSION = YES;
				CLANG_WARN_OBJC_IMPLICIT_RETAIN_SELF = YES;
				CLANG_WARN_OBJC_LITERAL_CONVERSION = YES;
				CLANG_WARN_OBJC_ROOT_CLASS = YES_ERROR;
				CLANG_WARN_QUOTED_INCLUDE_IN_FRAMEWORK_HEADER = YES;
				CLANG_WARN_RANGE_LOOP_ANALYSIS = YES;
				CLANG_WARN_STRICT_PROTOTYPES = YES;
				CLANG_WARN_SUSPICIOUS_MOVE = YES;
				CLANG_WARN_UNGUARDED_AVAILABILITY = YES_AGGRESSIVE;
				CLANG_WARN_UNREACHABLE_CODE = YES;
				CLANG_WARN__DUPLICATE_METHOD_MATCH = YES;
				COPY_PHASE_STRIP = NO;
				DEBUG_INFORMATION_FORMAT = dwarf;
				ENABLE_STRICT_OBJC_MSGSEND = YES;
				ENABLE_TESTABILITY = YES;
				GCC_C_LANGUAGE_STANDARD = gnu11;
				GCC_DYNAMIC_NO_PIC = NO;
				GCC_NO_COMMON_BLOCKS = YES;
				GCC_OPTIMIZATION_LEVEL = 0;
				GCC_PREPROCESSOR_DEFINITIONS = (
					"DEBUG=1",
					"$(inherited)",
				);
				GCC_WARN_64_TO_32_BIT_CONVERSION = YES;
				GCC_WARN_ABOUT_RETURN_TYPE = YES_ERROR;
				GCC_WARN_UNDECLARED_SELECTOR = YES;
				GCC_WARN_UNINITIALIZED_AUTOS = YES_AGGRESSIVE;
				GCC_WARN_UNUSED_FUNCTION = YES;
				GCC_WARN_UNUSED_VARIABLE = YES;
				IPHONEOS_DEPLOYMENT_TARGET = 14.1;
				MTL_ENABLE_DEBUG_INFO = INCLUDE_SOURCE;
				MTL_FAST_MATH = YES;
				ONLY_ACTIVE_ARCH = YES;
				SDKROOT = iphoneos;
				SWIFT_ACTIVE_COMPILATION_CONDITIONS = DEBUG;
				SWIFT_OPTIMIZATION_LEVEL = "-Onone";
			};
			name = Debug;
		};
		938C5845260F90F1005DB34A /* Release */ = {
			isa = XCBuildConfiguration;
			buildSettings = {
				ALWAYS_SEARCH_USER_PATHS = NO;
				CLANG_ANALYZER_NONNULL = YES;
				CLANG_ANALYZER_NUMBER_OBJECT_CONVERSION = YES_AGGRESSIVE;
				CLANG_CXX_LANGUAGE_STANDARD = "gnu++14";
				CLANG_CXX_LIBRARY = "libc++";
				CLANG_ENABLE_MODULES = YES;
				CLANG_ENABLE_OBJC_ARC = YES;
				CLANG_ENABLE_OBJC_WEAK = YES;
				CLANG_WARN_BLOCK_CAPTURE_AUTORELEASING = YES;
				CLANG_WARN_BOOL_CONVERSION = YES;
				CLANG_WARN_COMMA = YES;
				CLANG_WARN_CONSTANT_CONVERSION = YES;
				CLANG_WARN_DEPRECATED_OBJC_IMPLEMENTATIONS = YES;
				CLANG_WARN_DIRECT_OBJC_ISA_USAGE = YES_ERROR;
				CLANG_WARN_DOCUMENTATION_COMMENTS = YES;
				CLANG_WARN_EMPTY_BODY = YES;
				CLANG_WARN_ENUM_CONVERSION = YES;
				CLANG_WARN_INFINITE_RECURSION = YES;
				CLANG_WARN_INT_CONVERSION = YES;
				CLANG_WARN_NON_LITERAL_NULL_CONVERSION = YES;
				CLANG_WARN_OBJC_IMPLICIT_RETAIN_SELF = YES;
				CLANG_WARN_OBJC_LITERAL_CONVERSION = YES;
				CLANG_WARN_OBJC_ROOT_CLASS = YES_ERROR;
				CLANG_WARN_QUOTED_INCLUDE_IN_FRAMEWORK_HEADER = YES;
				CLANG_WARN_RANGE_LOOP_ANALYSIS = YES;
				CLANG_WARN_STRICT_PROTOTYPES = YES;
				CLANG_WARN_SUSPICIOUS_MOVE = YES;
				CLANG_WARN_UNGUARDED_AVAILABILITY = YES_AGGRESSIVE;
				CLANG_WARN_UNREACHABLE_CODE = YES;
				CLANG_WARN__DUPLICATE_METHOD_MATCH = YES;
				COPY_PHASE_STRIP = NO;
				DEBUG_INFORMATION_FORMAT = "dwarf-with-dsym";
				ENABLE_NS_ASSERTIONS = NO;
				ENABLE_STRICT_OBJC_MSGSEND = YES;
				GCC_C_LANGUAGE_STANDARD = gnu11;
				GCC_NO_COMMON_BLOCKS = YES;
				GCC_WARN_64_TO_32_BIT_CONVERSION = YES;
				GCC_WARN_ABOUT_RETURN_TYPE = YES_ERROR;
				GCC_WARN_UNDECLARED_SELECTOR = YES;
				GCC_WARN_UNINITIALIZED_AUTOS = YES_AGGRESSIVE;
				GCC_WARN_UNUSED_FUNCTION = YES;
				GCC_WARN_UNUSED_VARIABLE = YES;
				IPHONEOS_DEPLOYMENT_TARGET = 14.1;
				MTL_ENABLE_DEBUG_INFO = NO;
				MTL_FAST_MATH = YES;
				SDKROOT = iphoneos;
				SWIFT_COMPILATION_MODE = wholemodule;
				SWIFT_OPTIMIZATION_LEVEL = "-O";
				VALIDATE_PRODUCT = YES;
			};
			name = Release;
		};
		938C5847260F90F1005DB34A /* Debug */ = {
			isa = XCBuildConfiguration;
			baseConfigurationReference = 2295491427E70A37A98CA90C /* Pods-Currency Converter.debug.xcconfig */;
			buildSettings = {
				ASSETCATALOG_COMPILER_APPICON_NAME = AppIcon;
				ASSETCATALOG_COMPILER_GLOBAL_ACCENT_COLOR_NAME = AccentColor;
				CODE_SIGN_STYLE = Automatic;
				DEVELOPMENT_TEAM = FLYLZ94A58;
				INFOPLIST_FILE = "Currency Converter/App/Info.plist";
				IPHONEOS_DEPLOYMENT_TARGET = 13.0;
				LD_RUNPATH_SEARCH_PATHS = (
					"$(inherited)",
					"@executable_path/Frameworks",
				);
				PRODUCT_BUNDLE_IDENTIFIER = "com.alphadvlpr.Currency-Converter";
				PRODUCT_NAME = "Debug $(TARGET_NAME)";
				SWIFT_VERSION = 5.0;
				TARGETED_DEVICE_FAMILY = "1,2";
			};
			name = Debug;
		};
		938C5848260F90F1005DB34A /* Release */ = {
			isa = XCBuildConfiguration;
			baseConfigurationReference = 065EB03B9936575B132E5FE8 /* Pods-Currency Converter.release.xcconfig */;
			buildSettings = {
				ASSETCATALOG_COMPILER_APPICON_NAME = AppIcon;
				ASSETCATALOG_COMPILER_GLOBAL_ACCENT_COLOR_NAME = AccentColor;
				CODE_SIGN_STYLE = Automatic;
				DEVELOPMENT_TEAM = FLYLZ94A58;
				INFOPLIST_FILE = "Currency Converter/App/Info.plist";
				IPHONEOS_DEPLOYMENT_TARGET = 13.0;
				LD_RUNPATH_SEARCH_PATHS = (
					"$(inherited)",
					"@executable_path/Frameworks",
				);
				PRODUCT_BUNDLE_IDENTIFIER = "com.alphadvlpr.Currency-Converter";
				PRODUCT_NAME = "$(TARGET_NAME)";
				SWIFT_VERSION = 5.0;
				TARGETED_DEVICE_FAMILY = "1,2";
			};
			name = Release;
		};
/* End XCBuildConfiguration section */

/* Begin XCConfigurationList section */
		938C582D260F90EE005DB34A /* Build configuration list for PBXProject "Currency Converter" */ = {
			isa = XCConfigurationList;
			buildConfigurations = (
				938C5844260F90F1005DB34A /* Debug */,
				938C5845260F90F1005DB34A /* Release */,
			);
			defaultConfigurationIsVisible = 0;
			defaultConfigurationName = Release;
		};
		938C5846260F90F1005DB34A /* Build configuration list for PBXNativeTarget "Currency Converter" */ = {
			isa = XCConfigurationList;
			buildConfigurations = (
				938C5847260F90F1005DB34A /* Debug */,
				938C5848260F90F1005DB34A /* Release */,
			);
			defaultConfigurationIsVisible = 0;
			defaultConfigurationName = Release;
		};
/* End XCConfigurationList section */
	};
	rootObject = 938C582A260F90EE005DB34A /* Project object */;
}
